{
  "name": "workbench",
  "version": "1.0.0",
  "lockfileVersion": 2,
  "requires": true,
  "packages": {
    "": {
      "name": "workbench",
      "version": "1.0.0",
      "license": "ISC",
      "dependencies": {
        "@sasta-sa/in-memory-database-adapter": "^0.0.1-concept.2"
      },
      "devDependencies": {
        "typescript": "^4.5.5"
      }
    },
    "node_modules/@sasta-sa/abstract-database-adapter": {
      "version": "0.0.1-concept.5",
      "resolved": "https://registry.npmjs.org/@sasta-sa/abstract-database-adapter/-/abstract-database-adapter-0.0.1-concept.5.tgz",
      "integrity": "sha512-2KwVHgiSfQ7OQxymkdBid3OYY3pSmEyZ00KN2mynBmv+BkZN5PlVdyPDE5i+AXGyjKojqaBgc+uDP+uzsypZjA=="
    },
    "node_modules/@sasta-sa/in-memory-database-adapter": {
      "version": "0.0.1-concept.2",
      "resolved": "https://registry.npmjs.org/@sasta-sa/in-memory-database-adapter/-/in-memory-database-adapter-0.0.1-concept.2.tgz",
      "integrity": "sha512-VtGdZR6hAvCGFw5mIGljgMrQd0/stW4YQC8ZdTyVAmVqxJKRw7Pews0L00uLqdJPXKIxjXMV5ExwgxfiflDG9g==",
      "dependencies": {
        "@sasta-sa/abstract-database-adapter": "^0.0.1-concept.3"
      }
    },
    "node_modules/typescript": {
      "version": "4.5.5",
      "resolved": "https://registry.npmjs.org/typescript/-/typescript-4.5.5.tgz",
      "integrity": "sha512-TCTIul70LyWe6IJWT8QSYeA54WQe8EjQFU4wY52Fasj5UKx88LNYKCgBEHcOMOrFF1rKGbD8v/xcNWVUq9SymA==",
      "dev": true,
      "bin": {
        "tsc": "bin/tsc",
        "tsserver": "bin/tsserver"
      },
      "engines": {
        "node": ">=4.2.0"
      }
    }
  },
  "dependencies": {
    "@sasta-sa/abstract-database-adapter": {
      "version": "0.0.1-concept.5",
      "resolved": "https://registry.npmjs.org/@sasta-sa/abstract-database-adapter/-/abstract-database-adapter-0.0.1-concept.5.tgz",
      "integrity": "sha512-2KwVHgiSfQ7OQxymkdBid3OYY3pSmEyZ00KN2mynBmv+BkZN5PlVdyPDE5i+AXGyjKojqaBgc+uDP+uzsypZjA=="
    },
    "@sasta-sa/in-memory-database-adapter": {
      "version": "0.0.1-concept.2",
      "resolved": "https://registry.npmjs.org/@sasta-sa/in-memory-database-adapter/-/in-memory-database-adapter-0.0.1-concept.2.tgz",
      "integrity": "sha512-VtGdZR6hAvCGFw5mIGljgMrQd0/stW4YQC8ZdTyVAmVqxJKRw7Pews0L00uLqdJPXKIxjXMV5ExwgxfiflDG9g==",
      "requires": {
        "@sasta-sa/abstract-database-adapter": "^0.0.1-concept.3"
      }
    },
    "typescript": {
      "version": "4.5.5",
      "resolved": "https://registry.npmjs.org/typescript/-/typescript-4.5.5.tgz",
      "integrity": "sha512-TCTIul70LyWe6IJWT8QSYeA54WQe8EjQFU4wY52Fasj5UKx88LNYKCgBEHcOMOrFF1rKGbD8v/xcNWVUq9SymA==",
      "dev": true
    }
  }
}
